
Microsoft Visual Studio Solution File, Format Version 12.00
# Visual Studio Version 17
VisualStudioVersion = 17.3.32929.385
MinimumVisualStudioVersion = 10.0.40219.1
Project("{FAE04EC0-301F-11D3-BF4B-00C04F79EFBC}") = "cache-proxy(old)", "cache-proxy\cache-proxy(old).csproj", "{58116AFF-6841-453A-B09D-9BD71965CFDF}"
EndProject
Project("{FAE04EC0-301F-11D3-BF4B-00C04F79EFBC}") = "CacheProxyMockServer", "CacheProxyMockServer\CacheProxyMockServer.csproj", "{0AC6CEB7-AB86-4E76-A85E-34082EB6DF0A}"
EndProject
Global
	GlobalSection(SolutionConfigurationPlatforms) = preSolution
		Debug|Any CPU = Debug|Any CPU
		Release|Any CPU = Release|Any CPU
	EndGlobalSection
	GlobalSection(ProjectConfigurationPlatforms) = postSolution
		{58116AFF-6841-453A-B09D-9BD71965CFDF}.Debug|Any CPU.ActiveCfg = Debug|Any CPU
		{58116AFF-6841-453A-B09D-9BD71965CFDF}.Debug|Any CPU.Build.0 = Debug|Any CPU
		{58116AFF-6841-453A-B09D-9BD71965CFDF}.Release|Any CPU.ActiveCfg = Release|Any CPU
		{58116AFF-6841-453A-B09D-9BD71965CFDF}.Release|Any CPU.Build.0 = Release|Any CPU
		{0AC6CEB7-AB86-4E76-A85E-34082EB6DF0A}.Debug|Any CPU.ActiveCfg = Debug|Any CPU
		{0AC6CEB7-AB86-4E76-A85E-34082EB6DF0A}.Debug|Any CPU.Build.0 = Debug|Any CPU
		{0AC6CEB7-AB86-4E76-A85E-34082EB6DF0A}.Release|Any CPU.ActiveCfg = Release|Any CPU
		{0AC6CEB7-AB86-4E76-A85E-34082EB6DF0A}.Release|Any CPU.Build.0 = Release|Any CPU
	EndGlobalSection
	GlobalSection(SolutionProperties) = preSolution
		HideSolutionNode = FALSE
	EndGlobalSection
	GlobalSection(ExtensibilityGlobals) = postSolution
		SolutionGuid = {7D46F4D8-F962-4FD9-8EF2-F3065C71C0A9}
	EndGlobalSection
EndGlobal
